github.com/go-gl/glfw/v3.3/glfw v0.0.0-20250301202403-da16c1255728 h1:RkGhqHxEVAvPM0/R+8g7XRwQnHatO0KAuVcwHo8q9W8=
github.com/go-gl/glfw/v3.3/glfw v0.0.0-20250301202403-da16c1255728/go.mod h1:SyRD8YfuKk+ZXlDqYiqe1qMSqjNgtHzBTG810KUagMc=
github.com/goki/vulkan v1.0.8 h1:yx7GPP3wZOFeJ25wEneHk08fOSlUz/wxHBBCiCB1G18=
github.com/goki/vulkan v1.0.8/go.mod h1:xPwQgSdRep28xG1Tn4yysNGFORyCsAZcf9DcljIxGRs=
